
Microsoft Visual Studio Solution File, Format Version 12.00
# Visual Studio 15
VisualStudioVersion = 15.0.27428.1
MinimumVisualStudioVersion = 10.0.40219.1
Project("{FAE04EC0-301F-11D3-BF4B-00C04F79EFBC}") = "challengeSimpleCalculator", "challengeSimpleCalculator\challengeSimpleCalculator.csproj", "{B88A77CB-A71C-4823-B79C-0C7B9FE4F713}"
EndProject
Global
	GlobalSection(SolutionConfigurationPlatforms) = preSolution
		Debug|Any CPU = Debug|Any CPU
		Release|Any CPU = Release|Any CPU
	EndGlobalSection
	GlobalSection(ProjectConfigurationPlatforms) = postSolution
		{B88A77CB-A71C-4823-B79C-0C7B9FE4F713}.Debug|Any CPU.ActiveCfg = Debug|Any CPU
		{B88A77CB-A71C-4823-B79C-0C7B9FE4F713}.Debug|Any CPU.Build.0 = Debug|Any CPU
		{B88A77CB-A71C-4823-B79C-0C7B9FE4F713}.Release|Any CPU.ActiveCfg = Release|Any CPU
		{B88A77CB-A71C-4823-B79C-0C7B9FE4F713}.Release|Any CPU.Build.0 = Release|Any CPU
	EndGlobalSection
	GlobalSection(SolutionProperties) = preSolution
		HideSolutionNode = FALSE
	EndGlobalSection
	GlobalSection(ExtensibilityGlobals) = postSolution
		SolutionGuid = {81274501-B141-4E72-A0B7-880708E02A3C}
	EndGlobalSection
EndGlobal
